
Microsoft Visual Studio Solution File, Format Version 12.00
# Visual Studio 15
VisualStudioVersion = 15.0.27130.2003
MinimumVisualStudioVersion = 10.0.40219.1
Project("{FAE04EC0-301F-11D3-BF4B-00C04F79EFBC}") = "Mushen.Fuwen", "Mushen.Model\Mushen.Fuwen.csproj", "{EFAC3E0E-E472-403F-AEAF-D5971B55F709}"
EndProject
Project("{FAE04EC0-301F-11D3-BF4B-00C04F79EFBC}") = "Mushen.DataDriver", "Mushen.DataDriver\Mushen.DataDriver.csproj", "{90FD9EE1-A7F0-4EDE-927B-7FA2F6794D8A}"
EndProject
Project("{FAE04EC0-301F-11D3-BF4B-00C04F79EFBC}") = "Mushen.Shushu", "Mushen.Shushu\Mushen.Shushu.csproj", "{B0A88EE1-76AE-40D4-B1B8-E2BEDF22A373}"
EndProject
Project("{FAE04EC0-301F-11D3-BF4B-00C04F79EFBC}") = "Mushen.Gushen", "Mushe.Gushen\Mushen.Gushen.csproj", "{10BC5799-C3D1-4AC6-8825-61A13FE621D7}"
EndProject
Project("{FAE04EC0-301F-11D3-BF4B-00C04F79EFBC}") = "Mushen.Dadao", "Mushen.Dadao\Mushen.Dadao.csproj", "{A5B3AACF-9B94-49EF-93FB-3F78C5AC3F3E}"
EndProject
Global
	GlobalSection(SolutionConfigurationPlatforms) = preSolution
		Debug|Any CPU = Debug|Any CPU
		Release|Any CPU = Release|Any CPU
	EndGlobalSection
	GlobalSection(ProjectConfigurationPlatforms) = postSolution
		{EFAC3E0E-E472-403F-AEAF-D5971B55F709}.Debug|Any CPU.ActiveCfg = Debug|Any CPU
		{EFAC3E0E-E472-403F-AEAF-D5971B55F709}.Debug|Any CPU.Build.0 = Debug|Any CPU
		{EFAC3E0E-E472-403F-AEAF-D5971B55F709}.Release|Any CPU.ActiveCfg = Release|Any CPU
		{EFAC3E0E-E472-403F-AEAF-D5971B55F709}.Release|Any CPU.Build.0 = Release|Any CPU
		{90FD9EE1-A7F0-4EDE-927B-7FA2F6794D8A}.Debug|Any CPU.ActiveCfg = Debug|Any CPU
		{90FD9EE1-A7F0-4EDE-927B-7FA2F6794D8A}.Debug|Any CPU.Build.0 = Debug|Any CPU
		{90FD9EE1-A7F0-4EDE-927B-7FA2F6794D8A}.Release|Any CPU.ActiveCfg = Release|Any CPU
		{90FD9EE1-A7F0-4EDE-927B-7FA2F6794D8A}.Release|Any CPU.Build.0 = Release|Any CPU
		{B0A88EE1-76AE-40D4-B1B8-E2BEDF22A373}.Debug|Any CPU.ActiveCfg = Debug|Any CPU
		{B0A88EE1-76AE-40D4-B1B8-E2BEDF22A373}.Debug|Any CPU.Build.0 = Debug|Any CPU
		{B0A88EE1-76AE-40D4-B1B8-E2BEDF22A373}.Release|Any CPU.ActiveCfg = Release|Any CPU
		{B0A88EE1-76AE-40D4-B1B8-E2BEDF22A373}.Release|Any CPU.Build.0 = Release|Any CPU
		{10BC5799-C3D1-4AC6-8825-61A13FE621D7}.Debug|Any CPU.ActiveCfg = Debug|Any CPU
		{10BC5799-C3D1-4AC6-8825-61A13FE621D7}.Debug|Any CPU.Build.0 = Debug|Any CPU
		{10BC5799-C3D1-4AC6-8825-61A13FE621D7}.Release|Any CPU.ActiveCfg = Release|Any CPU
		{10BC5799-C3D1-4AC6-8825-61A13FE621D7}.Release|Any CPU.Build.0 = Release|Any CPU
		{A5B3AACF-9B94-49EF-93FB-3F78C5AC3F3E}.Debug|Any CPU.ActiveCfg = Debug|Any CPU
		{A5B3AACF-9B94-49EF-93FB-3F78C5AC3F3E}.Debug|Any CPU.Build.0 = Debug|Any CPU
		{A5B3AACF-9B94-49EF-93FB-3F78C5AC3F3E}.Release|Any CPU.ActiveCfg = Release|Any CPU
		{A5B3AACF-9B94-49EF-93FB-3F78C5AC3F3E}.Release|Any CPU.Build.0 = Release|Any CPU
	EndGlobalSection
	GlobalSection(SolutionProperties) = preSolution
		HideSolutionNode = FALSE
	EndGlobalSection
	GlobalSection(ExtensibilityGlobals) = postSolution
		SolutionGuid = {C99DB3DB-5C3C-43CC-AA75-090DD391152B}
	EndGlobalSection
EndGlobal
